
Microsoft Visual Studio Solution File, Format Version 12.00
# Visual Studio Version 16
VisualStudioVersion = 16.0.31019.35
MinimumVisualStudioVersion = 10.0.40219.1
Project("{FAE04EC0-301F-11D3-BF4B-00C04F79EFBC}") = "RawCoding_IntegrationTesting", "RawCoding_IntegrationTesting\RawCoding_IntegrationTesting.csproj", "{0B76791A-6079-4123-B41B-EBFCFB126637}"
EndProject
Project("{FAE04EC0-301F-11D3-BF4B-00C04F79EFBC}") = "XUnitTestProject1", "XUnitTestProject1\XUnitTestProject1.csproj", "{5B0C22C1-4770-4E98-A265-7FDE0AAC2D18}"
EndProject
Global
	GlobalSection(SolutionConfigurationPlatforms) = preSolution
		Debug|Any CPU = Debug|Any CPU
		Release|Any CPU = Release|Any CPU
	EndGlobalSection
	GlobalSection(ProjectConfigurationPlatforms) = postSolution
		{0B76791A-6079-4123-B41B-EBFCFB126637}.Debug|Any CPU.ActiveCfg = Debug|Any CPU
		{0B76791A-6079-4123-B41B-EBFCFB126637}.Debug|Any CPU.Build.0 = Debug|Any CPU
		{0B76791A-6079-4123-B41B-EBFCFB126637}.Release|Any CPU.ActiveCfg = Release|Any CPU
		{0B76791A-6079-4123-B41B-EBFCFB126637}.Release|Any CPU.Build.0 = Release|Any CPU
		{5B0C22C1-4770-4E98-A265-7FDE0AAC2D18}.Debug|Any CPU.ActiveCfg = Debug|Any CPU
		{5B0C22C1-4770-4E98-A265-7FDE0AAC2D18}.Debug|Any CPU.Build.0 = Debug|Any CPU
		{5B0C22C1-4770-4E98-A265-7FDE0AAC2D18}.Release|Any CPU.ActiveCfg = Release|Any CPU
		{5B0C22C1-4770-4E98-A265-7FDE0AAC2D18}.Release|Any CPU.Build.0 = Release|Any CPU
	EndGlobalSection
	GlobalSection(SolutionProperties) = preSolution
		HideSolutionNode = FALSE
	EndGlobalSection
	GlobalSection(ExtensibilityGlobals) = postSolution
		SolutionGuid = {82A63BB4-F3EF-407F-B436-66BA44BF1CCE}
	EndGlobalSection
EndGlobal
