
Microsoft Visual Studio Solution File, Format Version 12.00
# Visual Studio Version 16
VisualStudioVersion = 16.0.31019.35
MinimumVisualStudioVersion = 10.0.40219.1
Project("{FAE04EC0-301F-11D3-BF4B-00C04F79EFBC}") = "IEnumerable_WrongWay", "IEnumerable_WrongWay\IEnumerable_WrongWay.csproj", "{CFB68F53-09B0-4EFF-9382-56383E6CC82D}"
EndProject
Global
	GlobalSection(SolutionConfigurationPlatforms) = preSolution
		Debug|Any CPU = Debug|Any CPU
		Release|Any CPU = Release|Any CPU
	EndGlobalSection
	GlobalSection(ProjectConfigurationPlatforms) = postSolution
		{CFB68F53-09B0-4EFF-9382-56383E6CC82D}.Debug|Any CPU.ActiveCfg = Debug|Any CPU
		{CFB68F53-09B0-4EFF-9382-56383E6CC82D}.Debug|Any CPU.Build.0 = Debug|Any CPU
		{CFB68F53-09B0-4EFF-9382-56383E6CC82D}.Release|Any CPU.ActiveCfg = Release|Any CPU
		{CFB68F53-09B0-4EFF-9382-56383E6CC82D}.Release|Any CPU.Build.0 = Release|Any CPU
	EndGlobalSection
	GlobalSection(SolutionProperties) = preSolution
		HideSolutionNode = FALSE
	EndGlobalSection
	GlobalSection(ExtensibilityGlobals) = postSolution
		SolutionGuid = {41D7B2CF-3EF3-4085-A0E7-6E3D21BEC3D0}
	EndGlobalSection
EndGlobal
