
Microsoft Visual Studio Solution File, Format Version 12.00
# Visual Studio Version 17
VisualStudioVersion = 17.1.32210.238
MinimumVisualStudioVersion = 10.0.40219.1
Project("{FAE04EC0-301F-11D3-BF4B-00C04F79EFBC}") = "KeyGen", "KeyGen\KeyGen.csproj", "{C574076F-1192-411E-891C-8302C0F5F455}"
EndProject
Project("{FAE04EC0-301F-11D3-BF4B-00C04F79EFBC}") = "Server", "Server\Server.csproj", "{993E54E7-2CCC-45C7-9192-550117E4FEB4}"
EndProject
Global
	GlobalSection(SolutionConfigurationPlatforms) = preSolution
		Debug|Any CPU = Debug|Any CPU
		Release|Any CPU = Release|Any CPU
	EndGlobalSection
	GlobalSection(ProjectConfigurationPlatforms) = postSolution
		{C574076F-1192-411E-891C-8302C0F5F455}.Debug|Any CPU.ActiveCfg = Debug|Any CPU
		{C574076F-1192-411E-891C-8302C0F5F455}.Debug|Any CPU.Build.0 = Debug|Any CPU
		{C574076F-1192-411E-891C-8302C0F5F455}.Release|Any CPU.ActiveCfg = Release|Any CPU
		{C574076F-1192-411E-891C-8302C0F5F455}.Release|Any CPU.Build.0 = Release|Any CPU
		{993E54E7-2CCC-45C7-9192-550117E4FEB4}.Debug|Any CPU.ActiveCfg = Debug|Any CPU
		{993E54E7-2CCC-45C7-9192-550117E4FEB4}.Debug|Any CPU.Build.0 = Debug|Any CPU
		{993E54E7-2CCC-45C7-9192-550117E4FEB4}.Release|Any CPU.ActiveCfg = Release|Any CPU
		{993E54E7-2CCC-45C7-9192-550117E4FEB4}.Release|Any CPU.Build.0 = Release|Any CPU
	EndGlobalSection
	GlobalSection(SolutionProperties) = preSolution
		HideSolutionNode = FALSE
	EndGlobalSection
	GlobalSection(ExtensibilityGlobals) = postSolution
		SolutionGuid = {679966A3-1802-474D-BF41-CEA061D09288}
	EndGlobalSection
EndGlobal
