
Microsoft Visual Studio Solution File, Format Version 12.00
# Visual Studio Version 16
VisualStudioVersion = 16.0.31019.35
MinimumVisualStudioVersion = 10.0.40219.1
Project("{FAE04EC0-301F-11D3-BF4B-00C04F79EFBC}") = "ConsoleApp_StackApp", "ConsoleApp_StackApp\ConsoleApp_StackApp.csproj", "{CAEAD2D5-0884-4781-B798-7B5869170E97}"
EndProject
Global
	GlobalSection(SolutionConfigurationPlatforms) = preSolution
		Debug|Any CPU = Debug|Any CPU
		Release|Any CPU = Release|Any CPU
	EndGlobalSection
	GlobalSection(ProjectConfigurationPlatforms) = postSolution
		{CAEAD2D5-0884-4781-B798-7B5869170E97}.Debug|Any CPU.ActiveCfg = Debug|Any CPU
		{CAEAD2D5-0884-4781-B798-7B5869170E97}.Debug|Any CPU.Build.0 = Debug|Any CPU
		{CAEAD2D5-0884-4781-B798-7B5869170E97}.Release|Any CPU.ActiveCfg = Release|Any CPU
		{CAEAD2D5-0884-4781-B798-7B5869170E97}.Release|Any CPU.Build.0 = Release|Any CPU
	EndGlobalSection
	GlobalSection(SolutionProperties) = preSolution
		HideSolutionNode = FALSE
	EndGlobalSection
	GlobalSection(ExtensibilityGlobals) = postSolution
		SolutionGuid = {C5F380B2-E100-4E79-9870-7EDFD9E2CE86}
	EndGlobalSection
EndGlobal
